// !$*UTF8*$!
{
	archiveVersion = 1;
	classes = {
	};
	objectVersion = 50;
	objects = {

/* Begin PBXBuildFile section */
		587CEB1823734390000BC1A0 /* AppDelegate.swift in Sources */ = {isa = PBXBuildFile; fileRef = 587CEB1723734390000BC1A0 /* AppDelegate.swift */; };
		587CEB1A23734390000BC1A0 /* SceneDelegate.swift in Sources */ = {isa = PBXBuildFile; fileRef = 587CEB1923734390000BC1A0 /* SceneDelegate.swift */; };
		587CEB1C23734390000BC1A0 /* ContentView.swift in Sources */ = {isa = PBXBuildFile; fileRef = 587CEB1B23734390000BC1A0 /* ContentView.swift */; };
		587CEB1E23734391000BC1A0 /* Assets.xcassets in Resources */ = {isa = PBXBuildFile; fileRef = 587CEB1D23734391000BC1A0 /* Assets.xcassets */; };
		587CEB2123734391000BC1A0 /* Preview Assets.xcassets in Resources */ = {isa = PBXBuildFile; fileRef = 587CEB2023734391000BC1A0 /* Preview Assets.xcassets */; };
		587CEB2423734391000BC1A0 /* LaunchScreen.storyboard in Resources */ = {isa = PBXBuildFile; fileRef = 587CEB2223734391000BC1A0 /* LaunchScreen.storyboard */; };
		58C8DF20237380E90065C81C /* loginScreen.swift in Sources */ = {isa = PBXBuildFile; fileRef = 58C8DF1F237380E90065C81C /* loginScreen.swift */; };
/* End PBXBuildFile section */

/* Begin PBXFileReference section */
		587CEB1423734390000BC1A0 /* demircilogin.app */ = {isa = PBXFileReference; explicitFileType = wrapper.application; includeInIndex = 0; path = demircilogin.app; sourceTree = BUILT_PRODUCTS_DIR; };
		587CEB1723734390000BC1A0 /* AppDelegate.swift */ = {isa = PBXFileReference; lastKnownFileType = sourcecode.swift; path = AppDelegate.swift; sourceTree = "<group>"; };
		587CEB1923734390000BC1A0 /* SceneDelegate.swift */ = {isa = PBXFileReference; lastKnownFileType = sourcecode.swift; path = SceneDelegate.swift; sourceTree = "<group>"; };
		587CEB1B23734390000BC1A0 /* ContentView.swift */ = {isa = PBXFileReference; lastKnownFileType = sourcecode.swift; path = ContentView.swift; sourceTree = "<group>"; };
		587CEB1D23734391000BC1A0 /* Assets.xcassets */ = {isa = PBXFileReference; lastKnownFileType = folder.assetcatalog; path = Assets.xcassets; sourceTree = "<group>"; };
		587CEB2023734391000BC1A0 /* Preview Assets.xcassets */ = {isa = PBXFileReference; lastKnownFileType = folder.assetcatalog; path = "Preview Assets.xcassets"; sourceTree = "<group>"; };
		587CEB2323734391000BC1A0 /* Base */ = {isa = PBXFileReference; lastKnownFileType = file.storyboard; name = Base; path = Base.lproj/LaunchScreen.storyboard; sourceTree = "<group>"; };
		587CEB2523734391000BC1A0 /* Info.plist */ = {isa = PBXFileReference; lastKnownFileType = text.plist.xml; path = Info.plist; sourceTree = "<group>"; };
		58C8DF1F237380E90065C81C /* loginScreen.swift */ = {isa = PBXFileReference; lastKnownFileType = sourcecode.swift; path = loginScreen.swift; sourceTree = "<group>"; };
/* End PBXFileReference section */

/* Begin PBXFrameworksBuildPhase section */
		587CEB1123734390000BC1A0 /* Frameworks */ = {
			isa = PBXFrameworksBuildPhase;
			buildActionMask = 2147483647;
			files = (
			);
			runOnlyForDeploymentPostprocessing = 0;
		};
/* End PBXFrameworksBuildPhase section */

/* Begin PBXGroup section */
		587CEB0B23734390000BC1A0 = {
			isa = PBXGroup;
			children = (
				587CEB1623734390000BC1A0 /* demircilogin */,
				587CEB1523734390000BC1A0 /* Products */,
			);
			sourceTree = "<group>";
		};
		587CEB1523734390000BC1A0 /* Products */ = {
			isa = PBXGroup;
			children = (
				587CEB1423734390000BC1A0 /* demircilogin.app */,
			);
			name = Products;
			sourceTree = "<group>";
		};
		587CEB1623734390000BC1A0 /* demircilogin */ = {
			isa = PBXGroup;
			children = (
				587CEB1723734390000BC1A0 /* AppDelegate.swift */,
				587CEB1923734390000BC1A0 /* SceneDelegate.swift */,
				587CEB1B23734390000BC1A0 /* ContentView.swift */,
				58C8DF1F237380E90065C81C /* loginScreen.swift */,
				587CEB1D23734391000BC1A0 /* Assets.xcassets */,
				587CEB2223734391000BC1A0 /* LaunchScreen.storyboard */,
				587CEB2523734391000BC1A0 /* Info.plist */,
				587CEB1F23734391000BC1A0 /* Preview Content */,
			);
			path = demircilogin;
			sourceTree = "<group>";
		};
		587CEB1F23734391000BC1A0 /* Preview Content */ = {
			isa = PBXGroup;
			children = (
				587CEB2023734391000BC1A0 /* Preview Assets.xcassets */,
			);
			path = "Preview Content";
			sourceTree = "<group>";
		};
/* End PBXGroup section */

/* Begin PBXNativeTarget section */
		587CEB1323734390000BC1A0 /* demircilogin */ = {
			isa = PBXNativeTarget;
			buildConfigurationList = 587CEB2823734391000BC1A0 /* Build configuration list for PBXNativeTarget "demircilogin" */;
			buildPhases = (
				587CEB1023734390000BC1A0 /* Sources */,
				587CEB1123734390000BC1A0 /* Frameworks */,
				587CEB1223734390000BC1A0 /* Resources */,
			);
			buildRules = (
			);
			dependencies = (
			);
			name = demircilogin;
			productName = demircilogin;
			productReference = 587CEB1423734390000BC1A0 /* demircilogin.app */;
			productType = "com.apple.product-type.application";
		};
/* End PBXNativeTarget section */

/* Begin PBXProject section */
		587CEB0C23734390000BC1A0 /* Project object */ = {
			isa = PBXProject;
			attributes = {
				LastSwiftUpdateCheck = 1100;
				LastUpgradeCheck = 1100;
				ORGANIZATIONNAME = "John Demirci";
				TargetAttributes = {
					587CEB1323734390000BC1A0 = {
						CreatedOnToolsVersion = 11.0;
					};
				};
			};
			buildConfigurationList = 587CEB0F23734390000BC1A0 /* Build configuration list for PBXProject "demircilogin" */;
			compatibilityVersion = "Xcode 9.3";
			developmentRegion = en;
			hasScannedForEncodings = 0;
			knownRegions = (
				en,
				Base,
			);
			mainGroup = 587CEB0B23734390000BC1A0;
			productRefGroup = 587CEB1523734390000BC1A0 /* Products */;
			projectDirPath = "";
			projectRoot = "";
			targets = (
				587CEB1323734390000BC1A0 /* demircilogin */,
			);
		};
/* End PBXProject section */

/* Begin PBXResourcesBuildPhase section */
		587CEB1223734390000BC1A0 /* Resources */ = {
			isa = PBXResourcesBuildPhase;
			buildActionMask = 2147483647;
			files = (
				587CEB2423734391000BC1A0 /* LaunchScreen.storyboard in Resources */,
				587CEB2123734391000BC1A0 /* Preview Assets.xcassets in Resources */,
				587CEB1E23734391000BC1A0 /* Assets.xcassets in Resources */,
			);
			runOnlyForDeploymentPostprocessing = 0;
		};
/* End PBXResourcesBuildPhase section */

/* Begin PBXSourcesBuildPhase section */
		587CEB1023734390000BC1A0 /* Sources */ = {
			isa = PBXSourcesBuildPhase;
			buildActionMask = 2147483647;
			files = (
				587CEB1823734390000BC1A0 /* AppDelegate.swift in Sources */,
				587CEB1A23734390000BC1A0 /* SceneDelegate.swift in Sources */,
				587CEB1C23734390000BC1A0 /* ContentView.swift in Sources */,
				58C8DF20237380E90065C81C /* loginScreen.swift in Sources */,
			);
			runOnlyForDeploymentPostprocessing = 0;
		};
/* End PBXSourcesBuildPhase section */

/* Begin PBXVariantGroup section */
		587CEB2223734391000BC1A0 /* LaunchScreen.storyboard */ = {
			isa = PBXVariantGroup;
			children = (
				587CEB2323734391000BC1A0 /* Base */,
			);
			name = LaunchScreen.storyboard;
			sourceTree = "<group>";
		};
/* End PBXVariantGroup section */

/* Begin XCBuildConfiguration section */
		587CEB2623734391000BC1A0 /* Debug */ = {
			isa = XCBuildConfiguration;
			buildSettings = {
				ALWAYS_SEARCH_USER_PATHS = NO;
				CLANG_ANALYZER_NONNULL = YES;
				CLANG_ANALYZER_NUMBER_OBJECT_CONVERSION = YES_AGGRESSIVE;
				CLANG_CXX_LANGUAGE_STANDARD = "gnu++14";
				CLANG_CXX_LIBRARY = "libc++";
				CLANG_ENABLE_MODULES = YES;
				CLANG_ENABLE_OBJC_ARC = YES;
				CLANG_ENABLE_OBJC_WEAK = YES;
				CLANG_WARN_BLOCK_CAPTURE_AUTORELEASING = YES;
				CLANG_WARN_BOOL_CONVERSION = YES;
				CLANG_WARN_COMMA = YES;
				CLANG_WARN_CONSTANT_CONVERSION = YES;
				CLANG_WARN_DEPRECATED_OBJC_IMPLEMENTATIONS = YES;
				CLANG_WARN_DIRECT_OBJC_ISA_USAGE = YES_ERROR;
				CLANG_WARN_DOCUMENTATION_COMMENTS = YES;
				CLANG_WARN_EMPTY_BODY = YES;
				CLANG_WARN_ENUM_CONVERSION = YES;
				CLANG_WARN_INFINITE_RECURSION = YES;
				CLANG_WARN_INT_CONVERSION = YES;
				CLANG_WARN_NON_LITERAL_NULL_CONVERSION = YES;
				CLANG_WARN_OBJC_IMPLICIT_RETAIN_SELF = YES;
				CLANG_WARN_OBJC_LITERAL_CONVERSION = YES;
				CLANG_WARN_OBJC_ROOT_CLASS = YES_ERROR;
				CLANG_WARN_RANGE_LOOP_ANALYSIS = YES;
				CLANG_WARN_STRICT_PROTOTYPES = YES;
				CLANG_WARN_SUSPICIOUS_MOVE = YES;
				CLANG_WARN_UNGUARDED_AVAILABILITY = YES_AGGRESSIVE;
				CLANG_WARN_UNREACHABLE_CODE = YES;
				CLANG_WARN__DUPLICATE_METHOD_MATCH = YES;
				COPY_PHASE_STRIP = NO;
				DEBUG_INFORMATION_FORMAT = dwarf;
				ENABLE_STRICT_OBJC_MSGSEND = YES;
				ENABLE_TESTABILITY = YES;
				GCC_C_LANGUAGE_STANDARD = gnu11;
				GCC_DYNAMIC_NO_PIC = NO;
				GCC_NO_COMMON_BLOCKS = YES;
				GCC_OPTIMIZATION_LEVEL = 0;
				GCC_PREPROCESSOR_DEFINITIONS = (
					"DEBUG=1",
					"$(inherited)",
				);
				GCC_WARN_64_TO_32_BIT_CONVERSION = YES;
				GCC_WARN_ABOUT_RETURN_TYPE = YES_ERROR;
				GCC_WARN_UNDECLARED_SELECTOR = YES;
				GCC_WARN_UNINITIALIZED_AUTOS = YES_AGGRESSIVE;
				GCC_WARN_UNUSED_FUNCTION = YES;
				GCC_WARN_UNUSED_VARIABLE = YES;
				IPHONEOS_DEPLOYMENT_TARGET = 13.0;
				MTL_ENABLE_DEBUG_INFO = INCLUDE_SOURCE;
				MTL_FAST_MATH = YES;
				ONLY_ACTIVE_ARCH = YES;
				SDKROOT = iphoneos;
				SWIFT_ACTIVE_COMPILATION_CONDITIONS = DEBUG;
				SWIFT_OPTIMIZATION_LEVEL = "-Onone";
			};
			name = Debug;
		};
		587CEB2723734391000BC1A0 /* Release */ = {
			isa = XCBuildConfiguration;
			buildSettings = {
				ALWAYS_SEARCH_USER_PATHS = NO;
				CLANG_ANALYZER_NONNULL = YES;
				CLANG_ANALYZER_NUMBER_OBJECT_CONVERSION = YES_AGGRESSIVE;
				CLANG_CXX_LANGUAGE_STANDARD = "gnu++14";
				CLANG_CXX_LIBRARY = "libc++";
				CLANG_ENABLE_MODULES = YES;
				CLANG_ENABLE_OBJC_ARC = YES;
				CLANG_ENABLE_OBJC_WEAK = YES;
				CLANG_WARN_BLOCK_CAPTURE_AUTORELEASING = YES;
				CLANG_WARN_BOOL_CONVERSION = YES;
				CLANG_WARN_COMMA = YES;
				CLANG_WARN_CONSTANT_CONVERSION = YES;
				CLANG_WARN_DEPRECATED_OBJC_IMPLEMENTATIONS = YES;
				CLANG_WARN_DIRECT_OBJC_ISA_USAGE = YES_ERROR;
				CLANG_WARN_DOCUMENTATION_COMMENTS = YES;
				CLANG_WARN_EMPTY_BODY = YES;
				CLANG_WARN_ENUM_CONVERSION = YES;
				CLANG_WARN_INFINITE_RECURSION = YES;
				CLANG_WARN_INT_CONVERSION = YES;
				CLANG_WARN_NON_LITERAL_NULL_CONVERSION = YES;
				CLANG_WARN_OBJC_IMPLICIT_RETAIN_SELF = YES;
				CLANG_WARN_OBJC_LITERAL_CONVERSION = YES;
				CLANG_WARN_OBJC_ROOT_CLASS = YES_ERROR;
				CLANG_WARN_RANGE_LOOP_ANALYSIS = YES;
				CLANG_WARN_STRICT_PROTOTYPES = YES;
				CLANG_WARN_SUSPICIOUS_MOVE = YES;
				CLANG_WARN_UNGUARDED_AVAILABILITY = YES_AGGRESSIVE;
				CLANG_WARN_UNREACHABLE_CODE = YES;
				CLANG_WARN__DUPLICATE_METHOD_MATCH = YES;
				COPY_PHASE_STRIP = NO;
				DEBUG_INFORMATION_FORMAT = "dwarf-with-dsym";
				ENABLE_NS_ASSERTIONS = NO;
				ENABLE_STRICT_OBJC_MSGSEND = YES;
				GCC_C_LANGUAGE_STANDARD = gnu11;
				GCC_NO_COMMON_BLOCKS = YES;
				GCC_WARN_64_TO_32_BIT_CONVERSION = YES;
				GCC_WARN_ABOUT_RETURN_TYPE = YES_ERROR;
				GCC_WARN_UNDECLARED_SELECTOR = YES;
				GCC_WARN_UNINITIALIZED_AUTOS = YES_AGGRESSIVE;
				GCC_WARN_UNUSED_FUNCTION = YES;
				GCC_WARN_UNUSED_VARIABLE = YES;
				IPHONEOS_DEPLOYMENT_TARGET = 13.0;
				MTL_ENABLE_DEBUG_INFO = NO;
				MTL_FAST_MATH = YES;
				SDKROOT = iphoneos;
				SWIFT_COMPILATION_MODE = wholemodule;
				SWIFT_OPTIMIZATION_LEVEL = "-O";
				VALIDATE_PRODUCT = YES;
			};
			name = Release;
		};
		587CEB2923734391000BC1A0 /* Debug */ = {
			isa = XCBuildConfiguration;
			buildSettings = {
				ASSETCATALOG_COMPILER_APPICON_NAME = AppIcon;
				CODE_SIGN_STYLE = Automatic;
				DEVELOPMENT_ASSET_PATHS = "\"demircilogin/Preview Content\"";
				DEVELOPMENT_TEAM = 2N277QXTNA;
				ENABLE_PREVIEWS = YES;
				INFOPLIST_FILE = demircilogin/Info.plist;
				LD_RUNPATH_SEARCH_PATHS = (
					"$(inherited)",
					"@executable_path/Frameworks",
				);
				PRODUCT_BUNDLE_IDENTIFIER = "com-demirci.demircilogin";
				PRODUCT_NAME = "$(TARGET_NAME)";
				SWIFT_VERSION = 5.0;
				TARGETED_DEVICE_FAMILY = "1,2";
			};
			name = Debug;
		};
		587CEB2A23734391000BC1A0 /* Release */ = {
			isa = XCBuildConfiguration;
			buildSettings = {
				ASSETCATALOG_COMPILER_APPICON_NAME = AppIcon;
				CODE_SIGN_STYLE = Automatic;
				DEVELOPMENT_ASSET_PATHS = "\"demircilogin/Preview Content\"";
				DEVELOPMENT_TEAM = 2N277QXTNA;
				ENABLE_PREVIEWS = YES;
				INFOPLIST_FILE = demircilogin/Info.plist;
				LD_RUNPATH_SEARCH_PATHS = (
					"$(inherited)",
					"@executable_path/Frameworks",
				);
				PRODUCT_BUNDLE_IDENTIFIER = "com-demirci.demircilogin";
				PRODUCT_NAME = "$(TARGET_NAME)";
				SWIFT_VERSION = 5.0;
				TARGETED_DEVICE_FAMILY = "1,2";
			};
			name = Release;
		};
/* End XCBuildConfiguration section */

/* Begin XCConfigurationList section */
		587CEB0F23734390000BC1A0 /* Build configuration list for PBXProject "demircilogin" */ = {
			isa = XCConfigurationList;
			buildConfigurations = (
				587CEB2623734391000BC1A0 /* Debug */,
				587CEB2723734391000BC1A0 /* Release */,
			);
			defaultConfigurationIsVisible = 0;
			defaultConfigurationName = Release;
		};
		587CEB2823734391000BC1A0 /* Build configuration list for PBXNativeTarget "demircilogin" */ = {
			isa = XCConfigurationList;
			buildConfigurations = (
				587CEB2923734391000BC1A0 /* Debug */,
				587CEB2A23734391000BC1A0 /* Release */,
			);
			defaultConfigurationIsVisible = 0;
			defaultConfigurationName = Release;
		};
/* End XCConfigurationList section */
	};
	rootObject = 587CEB0C23734390000BC1A0 /* Project object */;
}
